
Microsoft Visual Studio Solution File, Format Version 12.00
# Visual Studio Version 16
VisualStudioVersion = 16.0.31702.278
MinimumVisualStudioVersion = 10.0.40219.1
Project("{9A19103F-16F7-4668-BE54-9A1E7A4F7556}") = "DataAccess", "DataAccess\DataAccess.csproj", "{9D307FC0-9DBC-4BC9-A702-5B5EDB849FEF}"
EndProject
Project("{9A19103F-16F7-4668-BE54-9A1E7A4F7556}") = "Business", "Business\Business.csproj", "{D9DDEAA3-58E9-4598-ACC6-35CF76E36550}"
EndProject
Project("{9A19103F-16F7-4668-BE54-9A1E7A4F7556}") = "Entities", "Entities\Entities.csproj", "{C7DD2A96-5AF7-43A9-AA41-3C9D845DCA2B}"
EndProject
Project("{9A19103F-16F7-4668-BE54-9A1E7A4F7556}") = "ConsoleUI", "ConsoleUI\ConsoleUI.csproj", "{DF12E8E5-6E13-4E40-83AF-AF6E678683FF}"
EndProject
Project("{9A19103F-16F7-4668-BE54-9A1E7A4F7556}") = "Core", "Core\Core.csproj", "{C84AAF70-7696-4EE4-80C3-54554F5324B7}"
EndProject
Project("{FAE04EC0-301F-11D3-BF4B-00C04F79EFBC}") = "WebAPI", "WebAPI\WebAPI.csproj", "{016DEC89-0E23-4347-96FB-8B6C56588A05}"
EndProject
Global
	GlobalSection(SolutionConfigurationPlatforms) = preSolution
		Debug|Any CPU = Debug|Any CPU
		Release|Any CPU = Release|Any CPU
	EndGlobalSection
	GlobalSection(ProjectConfigurationPlatforms) = postSolution
		{9D307FC0-9DBC-4BC9-A702-5B5EDB849FEF}.Debug|Any CPU.ActiveCfg = Debug|Any CPU
		{9D307FC0-9DBC-4BC9-A702-5B5EDB849FEF}.Debug|Any CPU.Build.0 = Debug|Any CPU
		{9D307FC0-9DBC-4BC9-A702-5B5EDB849FEF}.Release|Any CPU.ActiveCfg = Release|Any CPU
		{9D307FC0-9DBC-4BC9-A702-5B5EDB849FEF}.Release|Any CPU.Build.0 = Release|Any CPU
		{D9DDEAA3-58E9-4598-ACC6-35CF76E36550}.Debug|Any CPU.ActiveCfg = Debug|Any CPU
		{D9DDEAA3-58E9-4598-ACC6-35CF76E36550}.Debug|Any CPU.Build.0 = Debug|Any CPU
		{D9DDEAA3-58E9-4598-ACC6-35CF76E36550}.Release|Any CPU.ActiveCfg = Release|Any CPU
		{D9DDEAA3-58E9-4598-ACC6-35CF76E36550}.Release|Any CPU.Build.0 = Release|Any CPU
		{C7DD2A96-5AF7-43A9-AA41-3C9D845DCA2B}.Debug|Any CPU.ActiveCfg = Debug|Any CPU
		{C7DD2A96-5AF7-43A9-AA41-3C9D845DCA2B}.Debug|Any CPU.Build.0 = Debug|Any CPU
		{C7DD2A96-5AF7-43A9-AA41-3C9D845DCA2B}.Release|Any CPU.ActiveCfg = Release|Any CPU
		{C7DD2A96-5AF7-43A9-AA41-3C9D845DCA2B}.Release|Any CPU.Build.0 = Release|Any CPU
		{DF12E8E5-6E13-4E40-83AF-AF6E678683FF}.Debug|Any CPU.ActiveCfg = Debug|Any CPU
		{DF12E8E5-6E13-4E40-83AF-AF6E678683FF}.Debug|Any CPU.Build.0 = Debug|Any CPU
		{DF12E8E5-6E13-4E40-83AF-AF6E678683FF}.Release|Any CPU.ActiveCfg = Release|Any CPU
		{DF12E8E5-6E13-4E40-83AF-AF6E678683FF}.Release|Any CPU.Build.0 = Release|Any CPU
		{C84AAF70-7696-4EE4-80C3-54554F5324B7}.Debug|Any CPU.ActiveCfg = Debug|Any CPU
		{C84AAF70-7696-4EE4-80C3-54554F5324B7}.Debug|Any CPU.Build.0 = Debug|Any CPU
		{C84AAF70-7696-4EE4-80C3-54554F5324B7}.Release|Any CPU.ActiveCfg = Release|Any CPU
		{C84AAF70-7696-4EE4-80C3-54554F5324B7}.Release|Any CPU.Build.0 = Release|Any CPU
		{016DEC89-0E23-4347-96FB-8B6C56588A05}.Debug|Any CPU.ActiveCfg = Debug|Any CPU
		{016DEC89-0E23-4347-96FB-8B6C56588A05}.Debug|Any CPU.Build.0 = Debug|Any CPU
		{016DEC89-0E23-4347-96FB-8B6C56588A05}.Release|Any CPU.ActiveCfg = Release|Any CPU
		{016DEC89-0E23-4347-96FB-8B6C56588A05}.Release|Any CPU.Build.0 = Release|Any CPU
	EndGlobalSection
	GlobalSection(SolutionProperties) = preSolution
		HideSolutionNode = FALSE
	EndGlobalSection
	GlobalSection(ExtensibilityGlobals) = postSolution
		SolutionGuid = {68C9C476-C9F7-46E5-99D8-3AA7B5C45D09}
	EndGlobalSection
EndGlobal
